
Microsoft Visual Studio Solution File, Format Version 12.00
# Visual Studio Version 17
VisualStudioVersion = 17.9.34714.143
MinimumVisualStudioVersion = 10.0.40219.1
Project("{FAE04EC0-301F-11D3-BF4B-00C04F79EFBC}") = "SerilogExample", "SerilogExample.csproj", "{CF8EF8E0-B6D7-4146-9319-F6DCFB7F7C6B}"
EndProject
Global
	GlobalSection(SolutionConfigurationPlatforms) = preSolution
		Debug|Any CPU = Debug|Any CPU
		Release|Any CPU = Release|Any CPU
	EndGlobalSection
	GlobalSection(ProjectConfigurationPlatforms) = postSolution
		{CF8EF8E0-B6D7-4146-9319-F6DCFB7F7C6B}.Debug|Any CPU.ActiveCfg = Debug|Any CPU
		{CF8EF8E0-B6D7-4146-9319-F6DCFB7F7C6B}.Debug|Any CPU.Build.0 = Debug|Any CPU
		{CF8EF8E0-B6D7-4146-9319-F6DCFB7F7C6B}.Release|Any CPU.ActiveCfg = Release|Any CPU
		{CF8EF8E0-B6D7-4146-9319-F6DCFB7F7C6B}.Release|Any CPU.Build.0 = Release|Any CPU
	EndGlobalSection
	GlobalSection(SolutionProperties) = preSolution
		HideSolutionNode = FALSE
	EndGlobalSection
	GlobalSection(ExtensibilityGlobals) = postSolution
		SolutionGuid = {061E9445-8C0A-46CD-B6C2-73E10CB47810}
	EndGlobalSection
EndGlobal
